
Microsoft Visual Studio Solution File, Format Version 12.00
# Visual Studio Version 17
VisualStudioVersion = 17.0.31912.275
MinimumVisualStudioVersion = 10.0.40219.1
Project("{9A19103F-16F7-4668-BE54-9A1E7A4F7556}") = "WPFUI", "WPFUI\WPFUI.csproj", "{1ADC87D1-8963-4100-845A-18477824718E}"
EndProject
Project("{9A19103F-16F7-4668-BE54-9A1E7A4F7556}") = "TexturePig", "TexturePig\TexturePig.csproj", "{5FA546B8-4B59-40A3-B4E6-FC11F300F388}"
EndProject
Project("{C7167F0D-BC9F-4E6E-AFE1-012C56B48DB5}") = "TexturePig.UWP", "TexturePig.UWP\TexturePig.UWP.wapproj", "{603D3477-E9C5-4694-80FB-4D165F023ED7}"
EndProject
Project("{2150E333-8FDC-42A3-9474-1A3956D46DE8}") = "Solution Items", "Solution Items", "{E8599E4B-06B4-4127-BF60-F23AD39772AF}"
	ProjectSection(SolutionItems) = preProject
		APIendpoints.txt = APIendpoints.txt
	EndProjectSection
EndProject
Project("{9A19103F-16F7-4668-BE54-9A1E7A4F7556}") = "TexturePig.Generator", "TexturePig.Generator\TexturePig.Generator.csproj", "{526C0F2F-3D15-413C-8606-76AA853B3F69}"
EndProject
Project("{9A19103F-16F7-4668-BE54-9A1E7A4F7556}") = "TexturePig.Web", "TexturePig.Web\TexturePig.Web.csproj", "{7CFFCF49-2D7A-4D41-B6E3-0BFB7F6768F8}"
EndProject
Project("{9A19103F-16F7-4668-BE54-9A1E7A4F7556}") = "TexturePig.Driver", "TexturePig.Driver\TexturePig.Driver.csproj", "{EC1D0580-5575-4B24-9209-2277F09651F3}"
EndProject
Global
	GlobalSection(SolutionConfigurationPlatforms) = preSolution
		Debug|Any CPU = Debug|Any CPU
		Debug|ARM = Debug|ARM
		Debug|ARM64 = Debug|ARM64
		Debug|x64 = Debug|x64
		Debug|x86 = Debug|x86
		Release|Any CPU = Release|Any CPU
		Release|ARM = Release|ARM
		Release|ARM64 = Release|ARM64
		Release|x64 = Release|x64
		Release|x86 = Release|x86
	EndGlobalSection
	GlobalSection(ProjectConfigurationPlatforms) = postSolution
		{1ADC87D1-8963-4100-845A-18477824718E}.Debug|Any CPU.ActiveCfg = Debug|Any CPU
		{1ADC87D1-8963-4100-845A-18477824718E}.Debug|Any CPU.Build.0 = Debug|Any CPU
		{1ADC87D1-8963-4100-845A-18477824718E}.Debug|ARM.ActiveCfg = Debug|Any CPU
		{1ADC87D1-8963-4100-845A-18477824718E}.Debug|ARM.Build.0 = Debug|Any CPU
		{1ADC87D1-8963-4100-845A-18477824718E}.Debug|ARM64.ActiveCfg = Debug|Any CPU
		{1ADC87D1-8963-4100-845A-18477824718E}.Debug|ARM64.Build.0 = Debug|Any CPU
		{1ADC87D1-8963-4100-845A-18477824718E}.Debug|x64.ActiveCfg = Debug|Any CPU
		{1ADC87D1-8963-4100-845A-18477824718E}.Debug|x64.Build.0 = Debug|Any CPU
		{1ADC87D1-8963-4100-845A-18477824718E}.Debug|x86.ActiveCfg = Debug|Any CPU
		{1ADC87D1-8963-4100-845A-18477824718E}.Debug|x86.Build.0 = Debug|Any CPU
		{1ADC87D1-8963-4100-845A-18477824718E}.Release|Any CPU.ActiveCfg = Release|Any CPU
		{1ADC87D1-8963-4100-845A-18477824718E}.Release|Any CPU.Build.0 = Release|Any CPU
		{1ADC87D1-8963-4100-845A-18477824718E}.Release|ARM.ActiveCfg = Release|Any CPU
		{1ADC87D1-8963-4100-845A-18477824718E}.Release|ARM.Build.0 = Release|Any CPU
		{1ADC87D1-8963-4100-845A-18477824718E}.Release|ARM64.ActiveCfg = Release|Any CPU
		{1ADC87D1-8963-4100-845A-18477824718E}.Release|ARM64.Build.0 = Release|Any CPU
		{1ADC87D1-8963-4100-845A-18477824718E}.Release|x64.ActiveCfg = Release|Any CPU
		{1ADC87D1-8963-4100-845A-18477824718E}.Release|x64.Build.0 = Release|Any CPU
		{1ADC87D1-8963-4100-845A-18477824718E}.Release|x86.ActiveCfg = Release|Any CPU
		{1ADC87D1-8963-4100-845A-18477824718E}.Release|x86.Build.0 = Release|Any CPU
		{5FA546B8-4B59-40A3-B4E6-FC11F300F388}.Debug|Any CPU.ActiveCfg = Debug|Any CPU
		{5FA546B8-4B59-40A3-B4E6-FC11F300F388}.Debug|Any CPU.Build.0 = Debug|Any CPU
		{5FA546B8-4B59-40A3-B4E6-FC11F300F388}.Debug|ARM.ActiveCfg = Debug|Any CPU
		{5FA546B8-4B59-40A3-B4E6-FC11F300F388}.Debug|ARM.Build.0 = Debug|Any CPU
		{5FA546B8-4B59-40A3-B4E6-FC11F300F388}.Debug|ARM64.ActiveCfg = Debug|Any CPU
		{5FA546B8-4B59-40A3-B4E6-FC11F300F388}.Debug|ARM64.Build.0 = Debug|Any CPU
		{5FA546B8-4B59-40A3-B4E6-FC11F300F388}.Debug|x64.ActiveCfg = Debug|Any CPU
		{5FA546B8-4B59-40A3-B4E6-FC11F300F388}.Debug|x64.Build.0 = Debug|Any CPU
		{5FA546B8-4B59-40A3-B4E6-FC11F300F388}.Debug|x86.ActiveCfg = Debug|Any CPU
		{5FA546B8-4B59-40A3-B4E6-FC11F300F388}.Debug|x86.Build.0 = Debug|Any CPU
		{5FA546B8-4B59-40A3-B4E6-FC11F300F388}.Release|Any CPU.ActiveCfg = Release|Any CPU
		{5FA546B8-4B59-40A3-B4E6-FC11F300F388}.Release|Any CPU.Build.0 = Release|Any CPU
		{5FA546B8-4B59-40A3-B4E6-FC11F300F388}.Release|ARM.ActiveCfg = Release|Any CPU
		{5FA546B8-4B59-40A3-B4E6-FC11F300F388}.Release|ARM.Build.0 = Release|Any CPU
		{5FA546B8-4B59-40A3-B4E6-FC11F300F388}.Release|ARM64.ActiveCfg = Release|Any CPU
		{5FA546B8-4B59-40A3-B4E6-FC11F300F388}.Release|ARM64.Build.0 = Release|Any CPU
		{5FA546B8-4B59-40A3-B4E6-FC11F300F388}.Release|x64.ActiveCfg = Release|Any CPU
		{5FA546B8-4B59-40A3-B4E6-FC11F300F388}.Release|x64.Build.0 = Release|Any CPU
		{5FA546B8-4B59-40A3-B4E6-FC11F300F388}.Release|x86.ActiveCfg = Release|Any CPU
		{5FA546B8-4B59-40A3-B4E6-FC11F300F388}.Release|x86.Build.0 = Release|Any CPU
		{603D3477-E9C5-4694-80FB-4D165F023ED7}.Debug|Any CPU.ActiveCfg = Debug|Any CPU
		{603D3477-E9C5-4694-80FB-4D165F023ED7}.Debug|Any CPU.Build.0 = Debug|Any CPU
		{603D3477-E9C5-4694-80FB-4D165F023ED7}.Debug|Any CPU.Deploy.0 = Debug|Any CPU
		{603D3477-E9C5-4694-80FB-4D165F023ED7}.Debug|ARM.ActiveCfg = Debug|ARM
		{603D3477-E9C5-4694-80FB-4D165F023ED7}.Debug|ARM.Build.0 = Debug|ARM
		{603D3477-E9C5-4694-80FB-4D165F023ED7}.Debug|ARM.Deploy.0 = Debug|ARM
		{603D3477-E9C5-4694-80FB-4D165F023ED7}.Debug|ARM64.ActiveCfg = Debug|ARM64
		{603D3477-E9C5-4694-80FB-4D165F023ED7}.Debug|ARM64.Build.0 = Debug|ARM64
		{603D3477-E9C5-4694-80FB-4D165F023ED7}.Debug|ARM64.Deploy.0 = Debug|ARM64
		{603D3477-E9C5-4694-80FB-4D165F023ED7}.Debug|x64.ActiveCfg = Debug|x64
		{603D3477-E9C5-4694-80FB-4D165F023ED7}.Debug|x64.Build.0 = Debug|x64
		{603D3477-E9C5-4694-80FB-4D165F023ED7}.Debug|x64.Deploy.0 = Debug|x64
		{603D3477-E9C5-4694-80FB-4D165F023ED7}.Debug|x86.ActiveCfg = Debug|x86
		{603D3477-E9C5-4694-80FB-4D165F023ED7}.Debug|x86.Build.0 = Debug|x86
		{603D3477-E9C5-4694-80FB-4D165F023ED7}.Debug|x86.Deploy.0 = Debug|x86
		{603D3477-E9C5-4694-80FB-4D165F023ED7}.Release|Any CPU.ActiveCfg = Release|Any CPU
		{603D3477-E9C5-4694-80FB-4D165F023ED7}.Release|Any CPU.Build.0 = Release|Any CPU
		{603D3477-E9C5-4694-80FB-4D165F023ED7}.Release|Any CPU.Deploy.0 = Release|Any CPU
		{603D3477-E9C5-4694-80FB-4D165F023ED7}.Release|ARM.ActiveCfg = Release|ARM
		{603D3477-E9C5-4694-80FB-4D165F023ED7}.Release|ARM.Build.0 = Release|ARM
		{603D3477-E9C5-4694-80FB-4D165F023ED7}.Release|ARM.Deploy.0 = Release|ARM
		{603D3477-E9C5-4694-80FB-4D165F023ED7}.Release|ARM64.ActiveCfg = Release|ARM64
		{603D3477-E9C5-4694-80FB-4D165F023ED7}.Release|ARM64.Build.0 = Release|ARM64
		{603D3477-E9C5-4694-80FB-4D165F023ED7}.Release|ARM64.Deploy.0 = Release|ARM64
		{603D3477-E9C5-4694-80FB-4D165F023ED7}.Release|x64.ActiveCfg = Release|x64
		{603D3477-E9C5-4694-80FB-4D165F023ED7}.Release|x64.Build.0 = Release|x64
		{603D3477-E9C5-4694-80FB-4D165F023ED7}.Release|x64.Deploy.0 = Release|x64
		{603D3477-E9C5-4694-80FB-4D165F023ED7}.Release|x86.ActiveCfg = Release|x86
		{603D3477-E9C5-4694-80FB-4D165F023ED7}.Release|x86.Build.0 = Release|x86
		{603D3477-E9C5-4694-80FB-4D165F023ED7}.Release|x86.Deploy.0 = Release|x86
		{526C0F2F-3D15-413C-8606-76AA853B3F69}.Debug|Any CPU.ActiveCfg = Debug|Any CPU
		{526C0F2F-3D15-413C-8606-76AA853B3F69}.Debug|Any CPU.Build.0 = Debug|Any CPU
		{526C0F2F-3D15-413C-8606-76AA853B3F69}.Debug|ARM.ActiveCfg = Debug|Any CPU
		{526C0F2F-3D15-413C-8606-76AA853B3F69}.Debug|ARM.Build.0 = Debug|Any CPU
		{526C0F2F-3D15-413C-8606-76AA853B3F69}.Debug|ARM64.ActiveCfg = Debug|Any CPU
		{526C0F2F-3D15-413C-8606-76AA853B3F69}.Debug|ARM64.Build.0 = Debug|Any CPU
		{526C0F2F-3D15-413C-8606-76AA853B3F69}.Debug|x64.ActiveCfg = Debug|Any CPU
		{526C0F2F-3D15-413C-8606-76AA853B3F69}.Debug|x64.Build.0 = Debug|Any CPU
		{526C0F2F-3D15-413C-8606-76AA853B3F69}.Debug|x86.ActiveCfg = Debug|Any CPU
		{526C0F2F-3D15-413C-8606-76AA853B3F69}.Debug|x86.Build.0 = Debug|Any CPU
		{526C0F2F-3D15-413C-8606-76AA853B3F69}.Release|Any CPU.ActiveCfg = Release|Any CPU
		{526C0F2F-3D15-413C-8606-76AA853B3F69}.Release|Any CPU.Build.0 = Release|Any CPU
		{526C0F2F-3D15-413C-8606-76AA853B3F69}.Release|ARM.ActiveCfg = Release|Any CPU
		{526C0F2F-3D15-413C-8606-76AA853B3F69}.Release|ARM.Build.0 = Release|Any CPU
		{526C0F2F-3D15-413C-8606-76AA853B3F69}.Release|ARM64.ActiveCfg = Release|Any CPU
		{526C0F2F-3D15-413C-8606-76AA853B3F69}.Release|ARM64.Build.0 = Release|Any CPU
		{526C0F2F-3D15-413C-8606-76AA853B3F69}.Release|x64.ActiveCfg = Release|Any CPU
		{526C0F2F-3D15-413C-8606-76AA853B3F69}.Release|x64.Build.0 = Release|Any CPU
		{526C0F2F-3D15-413C-8606-76AA853B3F69}.Release|x86.ActiveCfg = Release|Any CPU
		{526C0F2F-3D15-413C-8606-76AA853B3F69}.Release|x86.Build.0 = Release|Any CPU
		{7CFFCF49-2D7A-4D41-B6E3-0BFB7F6768F8}.Debug|Any CPU.ActiveCfg = Debug|Any CPU
		{7CFFCF49-2D7A-4D41-B6E3-0BFB7F6768F8}.Debug|Any CPU.Build.0 = Debug|Any CPU
		{7CFFCF49-2D7A-4D41-B6E3-0BFB7F6768F8}.Debug|ARM.ActiveCfg = Debug|Any CPU
		{7CFFCF49-2D7A-4D41-B6E3-0BFB7F6768F8}.Debug|ARM.Build.0 = Debug|Any CPU
		{7CFFCF49-2D7A-4D41-B6E3-0BFB7F6768F8}.Debug|ARM64.ActiveCfg = Debug|Any CPU
		{7CFFCF49-2D7A-4D41-B6E3-0BFB7F6768F8}.Debug|ARM64.Build.0 = Debug|Any CPU
		{7CFFCF49-2D7A-4D41-B6E3-0BFB7F6768F8}.Debug|x64.ActiveCfg = Debug|Any CPU
		{7CFFCF49-2D7A-4D41-B6E3-0BFB7F6768F8}.Debug|x64.Build.0 = Debug|Any CPU
		{7CFFCF49-2D7A-4D41-B6E3-0BFB7F6768F8}.Debug|x86.ActiveCfg = Debug|Any CPU
		{7CFFCF49-2D7A-4D41-B6E3-0BFB7F6768F8}.Debug|x86.Build.0 = Debug|Any CPU
		{7CFFCF49-2D7A-4D41-B6E3-0BFB7F6768F8}.Release|Any CPU.ActiveCfg = Release|Any CPU
		{7CFFCF49-2D7A-4D41-B6E3-0BFB7F6768F8}.Release|Any CPU.Build.0 = Release|Any CPU
		{7CFFCF49-2D7A-4D41-B6E3-0BFB7F6768F8}.Release|ARM.ActiveCfg = Release|Any CPU
		{7CFFCF49-2D7A-4D41-B6E3-0BFB7F6768F8}.Release|ARM.Build.0 = Release|Any CPU
		{7CFFCF49-2D7A-4D41-B6E3-0BFB7F6768F8}.Release|ARM64.ActiveCfg = Release|Any CPU
		{7CFFCF49-2D7A-4D41-B6E3-0BFB7F6768F8}.Release|ARM64.Build.0 = Release|Any CPU
		{7CFFCF49-2D7A-4D41-B6E3-0BFB7F6768F8}.Release|x64.ActiveCfg = Release|Any CPU
		{7CFFCF49-2D7A-4D41-B6E3-0BFB7F6768F8}.Release|x64.Build.0 = Release|Any CPU
		{7CFFCF49-2D7A-4D41-B6E3-0BFB7F6768F8}.Release|x86.ActiveCfg = Release|Any CPU
		{7CFFCF49-2D7A-4D41-B6E3-0BFB7F6768F8}.Release|x86.Build.0 = Release|Any CPU
		{EC1D0580-5575-4B24-9209-2277F09651F3}.Debug|Any CPU.ActiveCfg = Debug|Any CPU
		{EC1D0580-5575-4B24-9209-2277F09651F3}.Debug|Any CPU.Build.0 = Debug|Any CPU
		{EC1D0580-5575-4B24-9209-2277F09651F3}.Debug|ARM.ActiveCfg = Debug|Any CPU
		{EC1D0580-5575-4B24-9209-2277F09651F3}.Debug|ARM.Build.0 = Debug|Any CPU
		{EC1D0580-5575-4B24-9209-2277F09651F3}.Debug|ARM64.ActiveCfg = Debug|Any CPU
		{EC1D0580-5575-4B24-9209-2277F09651F3}.Debug|ARM64.Build.0 = Debug|Any CPU
		{EC1D0580-5575-4B24-9209-2277F09651F3}.Debug|x64.ActiveCfg = Debug|Any CPU
		{EC1D0580-5575-4B24-9209-2277F09651F3}.Debug|x64.Build.0 = Debug|Any CPU
		{EC1D0580-5575-4B24-9209-2277F09651F3}.Debug|x86.ActiveCfg = Debug|Any CPU
		{EC1D0580-5575-4B24-9209-2277F09651F3}.Debug|x86.Build.0 = Debug|Any CPU
		{EC1D0580-5575-4B24-9209-2277F09651F3}.Release|Any CPU.ActiveCfg = Release|Any CPU
		{EC1D0580-5575-4B24-9209-2277F09651F3}.Release|Any CPU.Build.0 = Release|Any CPU
		{EC1D0580-5575-4B24-9209-2277F09651F3}.Release|ARM.ActiveCfg = Release|Any CPU
		{EC1D0580-5575-4B24-9209-2277F09651F3}.Release|ARM.Build.0 = Release|Any CPU
		{EC1D0580-5575-4B24-9209-2277F09651F3}.Release|ARM64.ActiveCfg = Release|Any CPU
		{EC1D0580-5575-4B24-9209-2277F09651F3}.Release|ARM64.Build.0 = Release|Any CPU
		{EC1D0580-5575-4B24-9209-2277F09651F3}.Release|x64.ActiveCfg = Release|Any CPU
		{EC1D0580-5575-4B24-9209-2277F09651F3}.Release|x64.Build.0 = Release|Any CPU
		{EC1D0580-5575-4B24-9209-2277F09651F3}.Release|x86.ActiveCfg = Release|Any CPU
		{EC1D0580-5575-4B24-9209-2277F09651F3}.Release|x86.Build.0 = Release|Any CPU
	EndGlobalSection
	GlobalSection(SolutionProperties) = preSolution
		HideSolutionNode = FALSE
	EndGlobalSection
	GlobalSection(ExtensibilityGlobals) = postSolution
		SolutionGuid = {9FB72BA7-613B-4723-A336-7B2AC2B6467B}
	EndGlobalSection
EndGlobal
